
Microsoft Visual Studio Solution File, Format Version 12.00
# Visual Studio Version 17
VisualStudioVersion = 17.12.35527.113
MinimumVisualStudioVersion = 10.0.40219.1
Project("{FAE04EC0-301F-11D3-BF4B-00C04F79EFBC}") = "pap", "pap.csproj", "{18B7F4AD-4E7F-42E4-B33E-73FD4170E732}"
EndProject
Project("{FAE04EC0-301F-11D3-BF4B-00C04F79EFBC}") = "StressWatchML", "..\StressWatchML\StressWatchML.csproj", "{1DAE2B4A-87FA-46AA-A1FD-4D73A5033289}"
EndProject
Global
	GlobalSection(SolutionConfigurationPlatforms) = preSolution
		Debug|Any CPU = Debug|Any CPU
		Release|Any CPU = Release|Any CPU
	EndGlobalSection
	GlobalSection(ProjectConfigurationPlatforms) = postSolution
		{18B7F4AD-4E7F-42E4-B33E-73FD4170E732}.Debug|Any CPU.ActiveCfg = Debug|Any CPU
		{18B7F4AD-4E7F-42E4-B33E-73FD4170E732}.Debug|Any CPU.Build.0 = Debug|Any CPU
		{18B7F4AD-4E7F-42E4-B33E-73FD4170E732}.Debug|Any CPU.Deploy.0 = Debug|Any CPU
		{18B7F4AD-4E7F-42E4-B33E-73FD4170E732}.Release|Any CPU.ActiveCfg = Release|Any CPU
		{18B7F4AD-4E7F-42E4-B33E-73FD4170E732}.Release|Any CPU.Build.0 = Release|Any CPU
		{18B7F4AD-4E7F-42E4-B33E-73FD4170E732}.Release|Any CPU.Deploy.0 = Release|Any CPU
		{1DAE2B4A-87FA-46AA-A1FD-4D73A5033289}.Debug|Any CPU.ActiveCfg = Debug|Any CPU
		{1DAE2B4A-87FA-46AA-A1FD-4D73A5033289}.Debug|Any CPU.Build.0 = Debug|Any CPU
		{1DAE2B4A-87FA-46AA-A1FD-4D73A5033289}.Release|Any CPU.ActiveCfg = Release|Any CPU
		{1DAE2B4A-87FA-46AA-A1FD-4D73A5033289}.Release|Any CPU.Build.0 = Release|Any CPU
	EndGlobalSection
	GlobalSection(SolutionProperties) = preSolution
		HideSolutionNode = FALSE
	EndGlobalSection
EndGlobal
